# This file is autogenerated, do not edit; changes may be undone by the next 'dep ensure'.


[[projects]]
  digest = "1:ec4e760598c731fe737e636574c85977253e1a9c47d61f49e174763383287c3e"
  name = "github.com/mitsuse/pushbullet-go"
  packages = [
    ".",
    "requests",
    "responses",
  ]
  pruneopts = "UT"
  revision = "5a1d8dd906e1c219bc93570340a0c76239a99dba"
  version = "v0.1.0"

[solve-meta]
  analyzer-name = "dep"
  analyzer-version = 1
  input-imports = [
    "github.com/mitsuse/pushbullet-go",
    "github.com/mitsuse/pushbullet-go/requests",
  ]
  solver-name = "gps-cdcl"
  solver-version = 1
